
Microsoft Visual Studio Solution File, Format Version 12.00
# Visual Studio Version 16
VisualStudioVersion = 16.0.31112.23
MinimumVisualStudioVersion = 10.0.40219.1
Project("{FAE04EC0-301F-11D3-BF4B-00C04F79EFBC}") = "Tucil3Stima", "Tucil3Stima\Tucil3Stima.csproj", "{7EBC1775-41D0-4847-8260-247F05BD3116}"
EndProject
Global
	GlobalSection(SolutionConfigurationPlatforms) = preSolution
		Debug|Any CPU = Debug|Any CPU
		Release|Any CPU = Release|Any CPU
	EndGlobalSection
	GlobalSection(ProjectConfigurationPlatforms) = postSolution
		{7EBC1775-41D0-4847-8260-247F05BD3116}.Debug|Any CPU.ActiveCfg = Debug|Any CPU
		{7EBC1775-41D0-4847-8260-247F05BD3116}.Debug|Any CPU.Build.0 = Debug|Any CPU
		{7EBC1775-41D0-4847-8260-247F05BD3116}.Release|Any CPU.ActiveCfg = Release|Any CPU
		{7EBC1775-41D0-4847-8260-247F05BD3116}.Release|Any CPU.Build.0 = Release|Any CPU
	EndGlobalSection
	GlobalSection(SolutionProperties) = preSolution
		HideSolutionNode = FALSE
	EndGlobalSection
	GlobalSection(ExtensibilityGlobals) = postSolution
		SolutionGuid = {F17EE238-12EA-4F8F-8159-B4362391847B}
	EndGlobalSection
EndGlobal
